{
  "name": "jog",
  "version": "0.0.1",
  "lockfileVersion": 1,
  "dependencies": {
    "case-sensitive-paths-webpack-plugin": {
      "version": "2.1.1",
      "resolved": "https://registry.npmjs.org/case-sensitive-paths-webpack-plugin/-/case-sensitive-paths-webpack-plugin-2.1.1.tgz",
      "integrity": "sha1-PSnO2MHxJL9vU4Rvs/WJRzH9yQk=",
      "dev": true
    }
  }
}
